github.com/google/go-cmp v0.3.0 h1:crn/baboCvb5fXaQ0IJ1SGTsTVrWpDsCWC8EGETZijY=
github.com/google/go-cmp v0.3.0/go.mod h1:8QqcDgzrUqlUb/G2PQTWiueGozuR1884gddMywk6iLU=
golang.org/x/xerrors v0.0.0-20190516184347-8115aa61538e h1:GZc5hJQaj9QwsCgIB16JPWkpIiZB3PjXyUrl01otLII=
golang.org/x/xerrors v0.0.0-20190516184347-8115aa61538e/go.mod h1:I/5z698sn9Ka8TeJc9MKroUUfqBBauWjQqLJ2OPfmY0=
